
Microsoft Visual Studio Solution File, Format Version 12.00
# Visual Studio 2012
Project("{FAE04EC0-301F-11D3-BF4B-00C04F79EFBC}") = "Unico", "Unico\Unico.csproj", "{03EC57C6-A838-46F7-91B0-B0E150404A3B}"
EndProject
Project("{FAE04EC0-301F-11D3-BF4B-00C04F79EFBC}") = "Unico.Data", "Unico.Data\Unico.Data.csproj", "{54E0E58F-E8D3-4098-919E-A086DD7B339B}"
EndProject
Project("{FAE04EC0-301F-11D3-BF4B-00C04F79EFBC}") = "Unico.Tests", "Unico.Tests\Unico.Tests.csproj", "{9AFC6A4C-5EFD-4E8A-BACD-E9B61BB4007B}"
EndProject
Project("{FAE04EC0-301F-11D3-BF4B-00C04F79EFBC}") = "Unico.WebAndLoadTests", "Unico.WebAndLoadTests\Unico.WebAndLoadTests.csproj", "{79760551-DADE-4053-B902-DAD8790D9E09}"
EndProject
Project("{2150E333-8FDC-42A3-9474-1A3956D46DE8}") = "Solution Items", "Solution Items", "{80FEF8C5-27B5-4108-A373-6576FA73332C}"
	ProjectSection(SolutionItems) = preProject
		Local.testsettings = Local.testsettings
		Unico.vsmdi = Unico.vsmdi
	EndProjectSection
EndProject
Global
	GlobalSection(TestCaseManagementSettings) = postSolution
		CategoryFile = Unico.vsmdi
	EndGlobalSection
	GlobalSection(SolutionConfigurationPlatforms) = preSolution
		Debug|Any CPU = Debug|Any CPU
		Release|Any CPU = Release|Any CPU
	EndGlobalSection
	GlobalSection(ProjectConfigurationPlatforms) = postSolution
		{03EC57C6-A838-46F7-91B0-B0E150404A3B}.Debug|Any CPU.ActiveCfg = Debug|Any CPU
		{03EC57C6-A838-46F7-91B0-B0E150404A3B}.Debug|Any CPU.Build.0 = Debug|Any CPU
		{03EC57C6-A838-46F7-91B0-B0E150404A3B}.Release|Any CPU.ActiveCfg = Release|Any CPU
		{03EC57C6-A838-46F7-91B0-B0E150404A3B}.Release|Any CPU.Build.0 = Release|Any CPU
		{54E0E58F-E8D3-4098-919E-A086DD7B339B}.Debug|Any CPU.ActiveCfg = Debug|Any CPU
		{54E0E58F-E8D3-4098-919E-A086DD7B339B}.Debug|Any CPU.Build.0 = Debug|Any CPU
		{54E0E58F-E8D3-4098-919E-A086DD7B339B}.Release|Any CPU.ActiveCfg = Release|Any CPU
		{54E0E58F-E8D3-4098-919E-A086DD7B339B}.Release|Any CPU.Build.0 = Release|Any CPU
		{9AFC6A4C-5EFD-4E8A-BACD-E9B61BB4007B}.Debug|Any CPU.ActiveCfg = Debug|Any CPU
		{9AFC6A4C-5EFD-4E8A-BACD-E9B61BB4007B}.Debug|Any CPU.Build.0 = Debug|Any CPU
		{9AFC6A4C-5EFD-4E8A-BACD-E9B61BB4007B}.Release|Any CPU.ActiveCfg = Release|Any CPU
		{9AFC6A4C-5EFD-4E8A-BACD-E9B61BB4007B}.Release|Any CPU.Build.0 = Release|Any CPU
		{79760551-DADE-4053-B902-DAD8790D9E09}.Debug|Any CPU.ActiveCfg = Debug|Any CPU
		{79760551-DADE-4053-B902-DAD8790D9E09}.Debug|Any CPU.Build.0 = Debug|Any CPU
		{79760551-DADE-4053-B902-DAD8790D9E09}.Release|Any CPU.ActiveCfg = Release|Any CPU
		{79760551-DADE-4053-B902-DAD8790D9E09}.Release|Any CPU.Build.0 = Release|Any CPU
	EndGlobalSection
	GlobalSection(SolutionProperties) = preSolution
		HideSolutionNode = FALSE
	EndGlobalSection
EndGlobal
